hash: e77709891038cfae93eeb58c8d90538a3b98f0d7857e4d40d44e7acffa1efe83
updated: 2017-04-25T20:19:15.383155278+01:00
imports:
- name: github.com/cheggaaa/pb
  version: b6229822fa186496fcbf34111237e7a9693c6971
- name: github.com/dustin/go-humanize
  version: 259d2a102b871d17f30e3cd9881a642961a1e486
- name: github.com/mattn/go-runewidth
  version: 14207d285c6c197daabb5c9793d63e7af9ab2d50
- name: golang.org/x/crypto
  version: c2303dcbe84172e0c0da4c9f083eeca54c06f298
  subpackages:
  - ssh/terminal
- name: golang.org/x/sys
  version: afadfcc7779c1f4db0f6f6438afcb108d9c9c7cd
  subpackages:
  - unix
testImports: []
