# This file is autogenerated, do not edit; changes may be undone by the next 'dep ensure'.


[[projects]]
  name = "github.com/cheggaaa/pb"
  packages = ["."]
  revision = "b6229822fa186496fcbf34111237e7a9693c6971"
  version = "v1.0.13"

[[projects]]
  name = "github.com/cj123/go-ipsw"
  packages = ["api"]
  revision = "54ce199d04576e76b840848ee070229810f77f2b"
  version = "1.1.0"

[[projects]]
  name = "github.com/dustin/go-humanize"
  packages = ["."]
  revision = "259d2a102b871d17f30e3cd9881a642961a1e486"

[[projects]]
  name = "github.com/mattn/go-runewidth"
  packages = ["."]
  revision = "14207d285c6c197daabb5c9793d63e7af9ab2d50"

[solve-meta]
  analyzer-name = "dep"
  analyzer-version = 1
  inputs-digest = "50cc70e482360d5114a768ec004e4ac007f5881d61741086d1e6040f67315f48"
  solver-name = "gps-cdcl"
  solver-version = 1
