# This file is autogenerated, do not edit; changes may be undone by the next 'dep ensure'.


[[projects]]
  name = "github.com/cheggaaa/pb"
  packages = ["."]
  revision = "43d64de27312b32812ca7e994fa0bb03ccf08fdf"
  version = "v1.0.20"

[[projects]]
  name = "github.com/cj123/go-ipsw"
  packages = ["api"]
  revision = "405f1391592414c8ca6f1af37955e8ade4cf5178"
  version = "4.0.0"

[[projects]]
  branch = "master"
  name = "github.com/dustin/go-humanize"
  packages = ["."]
  revision = "bb3d318650d48840a39aa21a027c6630e198e626"

[[projects]]
  name = "github.com/mattn/go-runewidth"
  packages = ["."]
  revision = "9e777a8366cce605130a531d2cd6363d07ad7317"
  version = "v0.0.2"

[[projects]]
  branch = "master"
  name = "golang.org/x/sys"
  packages = ["unix"]
  revision = "fff93fa7cd278d84afc205751523809c464168ab"

[[projects]]
  name = "gopkg.in/guregu/null.v3"
  packages = ["."]
  revision = "e81d6d8d57747b34d7c5fe0d20ebf57692f04ea9"
  version = "v3.3.0"

[solve-meta]
  analyzer-name = "dep"
  analyzer-version = 1
  inputs-digest = "d47381adf415a51b49766ca7aed9b896dc5882e6e64466771338a561e870129c"
  solver-name = "gps-cdcl"
  solver-version = 1
